<?xml version="1.0" encoding="utf-8"?>
<Project ToolsVersion="4.0" xmlns="http://schemas.microsoft.com/developer/msbuild/2003">
  <ItemGroup>
    <ClCompile Include="engextcpp.cpp">
      <Filter>import\dbgeng</Filter>
    </ClCompile>
    <ClCompile Include="engine.cpp">
      <Filter>import\dbgeng</Filter>
    </ClCompile>
    <ClCompile Include="libs.cpp">
      <Filter>exts</Filter>
    </ClCompile>
    <ClCompile Include="emulator_exts.cpp">
      <Filter>exts</Filter>
    </ClCompile>
    <ClCompile Include="analyzer_exts.cpp">
      <Filter>exts</Filter>
    </ClCompile>
  </ItemGroup>
  <ItemGroup>
    <ClInclude Include="engextcpp.hpp">
      <Filter>import\dbgeng</Filter>
    </ClInclude>
    <ClInclude Include="engine.h">
      <Filter>import\dbgeng</Filter>
    </ClInclude>
    <ClInclude Include="dbgeng_exts.h">
      <Filter>import\xdv</Filter>
    </ClInclude>
    <ClInclude Include="emulator.h">
      <Filter>import\xdv</Filter>
    </ClInclude>
    <ClInclude Include="x64_arch_exts.h">
      <Filter>import\xdv</Filter>
    </ClInclude>
    <ClInclude Include="x86_arch_exts.h">
      <Filter>import\xdv</Filter>
    </ClInclude>
  </ItemGroup>
  <ItemGroup>
    <Filter Include="import">
      <UniqueIdentifier>{c00850bc-a515-4d5b-b782-72af21ac222f}</UniqueIdentifier>
    </Filter>
    <Filter Include="import\dbgeng">
      <UniqueIdentifier>{9364029c-f724-4872-9396-94d0fffeaf02}</UniqueIdentifier>
    </Filter>
    <Filter Include="exts">
      <UniqueIdentifier>{c04eba37-e2fe-407f-9f49-d48c48b93af9}</UniqueIdentifier>
    </Filter>
    <Filter Include="import\xdv">
      <UniqueIdentifier>{63eb07df-3555-4065-83df-847a3567c3d9}</UniqueIdentifier>
    </Filter>
  </ItemGroup>
  <ItemGroup>
    <None Include="pegasus.def">
      <Filter>import\dbgeng</Filter>
    </None>
  </ItemGroup>
</Project>