<?xml version="1.0" encoding="utf-8"?>
<Project ToolsVersion="4.0" xmlns="http://schemas.microsoft.com/developer/msbuild/2003">
  <ItemGroup>
    <ClInclude Include="engextcpp.hpp">
      <Filter>core</Filter>
    </ClInclude>
    <ClInclude Include="engine.h">
      <Filter>core</Filter>
    </ClInclude>
    <ClInclude Include="interface.h">
      <Filter>core</Filter>
    </ClInclude>
    <ClInclude Include="register_idx.h">
      <Filter>core</Filter>
    </ClInclude>
    <ClInclude Include="windbg_engine_linker.h">
      <Filter>core</Filter>
    </ClInclude>
    <ClInclude Include="helper.h">
      <Filter>helper</Filter>
    </ClInclude>
  </ItemGroup>
  <ItemGroup>
    <ClCompile Include="engextcpp.cpp">
      <Filter>core</Filter>
    </ClCompile>
    <ClCompile Include="engine.cpp">
      <Filter>core</Filter>
    </ClCompile>
    <ClCompile Include="windbg_engine_linker.cpp">
      <Filter>core</Filter>
    </ClCompile>
    <ClCompile Include="helper.cpp">
      <Filter>helper</Filter>
    </ClCompile>
    <ClCompile Include="suit.cpp" />
  </ItemGroup>
  <ItemGroup>
    <None Include="dbgsuit.def" />
  </ItemGroup>
  <ItemGroup>
    <Filter Include="core">
      <UniqueIdentifier>{b95be724-a2f3-4cb1-824d-75b17bc82c22}</UniqueIdentifier>
    </Filter>
    <Filter Include="helper">
      <UniqueIdentifier>{6b6bcdc5-9a92-41e5-ad0e-5e7eb1449b56}</UniqueIdentifier>
    </Filter>
  </ItemGroup>
</Project>